--- 
dependencies: 
  faker: 
    group: 
    - :test
    version: ">= 0.3.1"
  rails: 
    group: 
    - :default
    version: = 3.0.0.beta3
  mysql: 
    group: 
    - :default
    version: ">= 0"
  haml: 
    group: 
    - :default
    version: ~> 2.2.24
  machinist: 
    group: 
    - :test
    version: ">= 1.0.6"
  rspec-rails: 
    group: 
    - :test
    version: = 2.0.0.beta.10
  rcov: 
    group: 
    - :test
    version: ~> 0.9.8
  daemons: 
    group: 
    - :default
    version: ~> 1.0.10
specs: 
- rake: 
    version: 0.8.7
- abstract: 
    version: 1.0.0
- builder: 
    version: 2.1.2
- i18n: 
    version: 0.3.7
- memcache-client: 
    version: 1.8.3
- tzinfo: 
    version: 0.3.22
- activesupport: 
    version: 3.0.0.beta3
- activemodel: 
    version: 3.0.0.beta3
- erubis: 
    version: 2.6.5
- rack: 
    version: 1.1.0
- rack-mount: 
    version: 0.6.4
- rack-test: 
    version: 0.5.4
- actionpack: 
    version: 3.0.0.beta3
- mime-types: 
    version: "1.16"
- polyglot: 
    version: 0.3.1
- treetop: 
    version: 1.4.8
- mail: 
    version: 2.2.4
- text-hyphen: 
    version: 1.0.0
- text-format: 
    version: 1.0.0
- actionmailer: 
    version: 3.0.0.beta3
- arel: 
    version: 0.3.3
- activerecord: 
    version: 3.0.0.beta3
- activeresource: 
    version: 3.0.0.beta3
- bundler: 
    version: 0.9.25
- daemons: 
    version: 1.0.10
- diff-lcs: 
    version: 1.1.2
- faker: 
    version: 0.3.1
- haml: 
    version: 2.2.24
- machinist: 
    version: 1.0.6
- mysql: 
    version: 2.8.1
- nokogiri: 
    version: 1.4.2
- thor: 
    version: 0.13.6
- railties: 
    version: 3.0.0.beta3
- rails: 
    version: 3.0.0.beta3
- rcov: 
    version: 0.9.8
- rspec-core: 
    version: 2.0.0.beta.10
- rspec-expectations: 
    version: 2.0.0.beta.10
- rspec-mocks: 
    version: 2.0.0.beta.10
- rspec: 
    version: 2.0.0.beta.10
- webrat: 
    version: 0.7.1
- rspec-rails: 
    version: 2.0.0.beta.10
hash: 1f2d26e368b2df07793d66fd6d563f9847c818f4
sources: 
- Rubygems: 
    uri: http://rubygems.org
