--- 
dependencies: 
  faker: 
    group: 
    - :test
    version: ">= 0.3.1"
  rails: 
    group: 
    - :default
    version: = 3.0.0.beta
  mysql: 
    group: 
    - :default
    version: ">= 0"
  haml: 
    group: 
    - :default
    version: ">= 0"
  machinist: 
    group: 
    - :test
    version: ">= 1.0.6"
  rspec-rails: 
    group: 
    - :test
    version: ">= 2.0.0.beta.2"
specs: 
- rake: 
    version: 0.8.7
- abstract: 
    version: 1.0.0
- builder: 
    version: 2.1.2
- i18n: 
    version: 0.3.6
- memcache-client: 
    version: 1.7.8
- tzinfo: 
    version: 0.3.17
- activesupport: 
    version: 3.0.0.beta
- activemodel: 
    version: 3.0.0.beta
- erubis: 
    version: 2.6.5
- rack: 
    version: 1.1.0
- rack-mount: 
    version: 0.4.7
- rack-test: 
    version: 0.5.3
- actionpack: 
    version: 3.0.0.beta
- mime-types: 
    version: "1.16"
- mail: 
    version: 2.1.3
- text-hyphen: 
    version: 1.0.0
- text-format: 
    version: 1.0.0
- actionmailer: 
    version: 3.0.0.beta
- arel: 
    version: 0.2.1
- activerecord: 
    version: 3.0.0.beta
- activeresource: 
    version: 3.0.0.beta
- bundler: 
    version: 0.9.13
- faker: 
    version: 0.3.1
- haml: 
    version: 2.2.22
- machinist: 
    version: 1.0.6
- mysql: 
    version: 2.8.1
- nokogiri: 
    version: 1.4.1
- thor: 
    version: 0.13.4
- railties: 
    version: 3.0.0.beta
- rails: 
    version: 3.0.0.beta
- rspec-core: 
    version: 2.0.0.beta.4
- rspec-expectations: 
    version: 2.0.0.beta.4
- rspec-mocks: 
    version: 2.0.0.beta.4
- rspec: 
    version: 2.0.0.beta.4
- webrat: 
    version: 0.7.0
- rspec-rails: 
    version: 2.0.0.beta.4
hash: 9388d3a49b11744ea9bf7898938f77ded84f7a07
sources: 
- Rubygems: 
    uri: http://rubygems.org
