--- 
hash: 2c8855bfc463ee7c0791a83e0b0e02733d615822
sources: 
- Rubygems: 
    uri: http://rubygems.org
specs: 
- rake: 
    version: 0.8.7
- abstract: 
    version: 1.0.0
- builder: 
    version: 2.1.2
- i18n: 
    version: 0.3.7
- memcache-client: 
    version: 1.8.3
- tzinfo: 
    version: 0.3.22
- activesupport: 
    version: 3.0.0.beta3
- activemodel: 
    version: 3.0.0.beta3
- erubis: 
    version: 2.6.5
- rack: 
    version: 1.1.0
- rack-mount: 
    version: 0.6.4
- rack-test: 
    version: 0.5.4
- actionpack: 
    version: 3.0.0.beta3
- mime-types: 
    version: "1.16"
- polyglot: 
    version: 0.3.1
- treetop: 
    version: 1.4.8
- mail: 
    version: 2.2.4
- text-hyphen: 
    version: 1.0.0
- text-format: 
    version: 1.0.0
- actionmailer: 
    version: 3.0.0.beta3
- arel: 
    version: 0.3.3
- activerecord: 
    version: 3.0.0.beta3
- activeresource: 
    version: 3.0.0.beta3
- bundler: 
    version: 0.9.25
- daemons: 
    version: 1.0.10
- delayed_job: 
    version: 2.0.3
- diff-lcs: 
    version: 1.1.2
- faker: 
    version: 0.3.1
- haml: 
    version: 2.2.24
- machinist: 
    version: 1.0.6
- mysql: 
    version: 2.8.1
- nokogiri: 
    version: 1.4.2
- thor: 
    version: 0.13.6
- railties: 
    version: 3.0.0.beta3
- rails: 
    version: 3.0.0.beta3
- rcov: 
    version: 0.9.8
- rspec-core: 
    version: 2.0.0.beta.10
- rspec-expectations: 
    version: 2.0.0.beta.10
- rspec-mocks: 
    version: 2.0.0.beta.10
- rspec: 
    version: 2.0.0.beta.10
- webrat: 
    version: 0.7.1
- rspec-rails: 
    version: 2.0.0.beta.10
dependencies: 
  rails: 
    version: = 3.0.0.beta3
    group: 
    - :default
  mysql: 
    version: ">= 0"
    group: 
    - :default
  haml: 
    version: ~> 2.2.24
    group: 
    - :default
  delayed_job: 
    version: = 2.0.3
    group: 
    - :default
  rspec-rails: 
    version: = 2.0.0.beta.10
    group: 
    - :test
  machinist: 
    version: ">= 1.0.6"
    group: 
    - :test
  faker: 
    version: ">= 0.3.1"
    group: 
    - :test
  rcov: 
    version: ~> 0.9.8
    group: 
    - :test
